
Microsoft Visual Studio Solution File, Format Version 12.00
# Visual Studio Version 17
VisualStudioVersion = 17.0.31903.59
MinimumVisualStudioVersion = 10.0.40219.1
Project("{2150E333-8FDC-42A3-9474-1A3956D46DE8}") = "src", "src", "{5DD4506B-6A86-4841-88DE-3118640CC15F}"
EndProject
Project("{FAE04EC0-301F-11D3-BF4B-00C04F79EFBC}") = "ERP.Api", "src\ERP.Api\ERP.Api.csproj", "{96466484-12B0-4933-BEF3-22237283FFE5}"
EndProject
Project("{FAE04EC0-301F-11D3-BF4B-00C04F79EFBC}") = "ERP.BuildingBlocks", "src\ERP.BuildingBlocks\ERP.BuildingBlocks.csproj", "{218628B7-BF5B-4429-BF3E-36DA3E4C091A}"
EndProject
Project("{FAE04EC0-301F-11D3-BF4B-00C04F79EFBC}") = "ERP.Modules.Catalogo", "src\ERP.Modules.Catalogo\ERP.Modules.Catalogo.csproj", "{A156AF98-F108-4C3C-B48B-EF1C8276C3EB}"
EndProject
Project("{FAE04EC0-301F-11D3-BF4B-00C04F79EFBC}") = "ERP.Modules.Clientes", "src\ERP.Modules.Clientes\ERP.Modules.Clientes.csproj", "{2C172F63-585A-4C0C-9F1B-7B95BE9B5A42}"
EndProject
Project("{FAE04EC0-301F-11D3-BF4B-00C04F79EFBC}") = "ERP.Modules.Estoque", "src\ERP.Modules.Estoque\ERP.Modules.Estoque.csproj", "{74D2E675-E919-4ED3-B361-CC86A5654AEE}"
EndProject
Project("{FAE04EC0-301F-11D3-BF4B-00C04F79EFBC}") = "ERP.Modules.Compras", "src\ERP.Modules.Compras\ERP.Modules.Compras.csproj", "{029173FF-48BA-42F4-ADBA-760419B6FD4F}"
EndProject
Project("{FAE04EC0-301F-11D3-BF4B-00C04F79EFBC}") = "ERP.Modules.Vendas", "src\ERP.Modules.Vendas\ERP.Modules.Vendas.csproj", "{AB05DE80-5DAB-4446-B8D1-E246B5CF0E03}"
EndProject
Project("{FAE04EC0-301F-11D3-BF4B-00C04F79EFBC}") = "ERP.Modules.Fiscal", "src\ERP.Modules.Fiscal\ERP.Modules.Fiscal.csproj", "{F9A54FD0-A5E0-4614-BF87-25D94AFB5360}"
EndProject
Project("{FAE04EC0-301F-11D3-BF4B-00C04F79EFBC}") = "ERP.Modules.Identity", "src\ERP.Modules.Identity\ERP.Modules.Identity.csproj", "{067A6949-126C-4DF9-A86B-504358C6E2AC}"
EndProject
Project("{FAE04EC0-301F-11D3-BF4B-00C04F79EFBC}") = "ERP.Modules.Integracoes", "src\ERP.Modules.Integracoes\ERP.Modules.Integracoes.csproj", "{74A05376-D501-4ED3-A1E5-E160665E2E80}"
EndProject
Project("{2150E333-8FDC-42A3-9474-1A3956D46DE8}") = "tests", "tests", "{CAF0D74B-E667-4D3A-88AE-97A7DE8C741F}"
EndProject
Project("{FAE04EC0-301F-11D3-BF4B-00C04F79EFBC}") = "ERP.Modules.Catalogo.UnitTests", "tests\ERP.Modules.Catalogo.UnitTests\ERP.Modules.Catalogo.UnitTests.csproj", "{0FDF5610-3027-4781-B988-1CEFD204375A}"
EndProject
Project("{FAE04EC0-301F-11D3-BF4B-00C04F79EFBC}") = "ERP.Modules.Clientes.UnitTests", "tests\ERP.Modules.Clientes.UnitTests\ERP.Modules.Clientes.UnitTests.csproj", "{E9A21272-0D19-4D75-9B4D-85D3D3246BA1}"
EndProject
Project("{FAE04EC0-301F-11D3-BF4B-00C04F79EFBC}") = "ERP.Modules.Estoque.UnitTests", "tests\ERP.Modules.Estoque.UnitTests\ERP.Modules.Estoque.UnitTests.csproj", "{2A1F909A-8EFF-4EC8-B375-ABDB6DF9A472}"
EndProject
Project("{FAE04EC0-301F-11D3-BF4B-00C04F79EFBC}") = "ERP.Modules.Compras.UnitTests", "tests\ERP.Modules.Compras.UnitTests\ERP.Modules.Compras.UnitTests.csproj", "{E7D015A9-BC18-43D9-8633-4F57E71E03EB}"
EndProject
Project("{FAE04EC0-301F-11D3-BF4B-00C04F79EFBC}") = "ERP.Modules.Vendas.UnitTests", "tests\ERP.Modules.Vendas.UnitTests\ERP.Modules.Vendas.UnitTests.csproj", "{65E8D18E-C4D4-478D-9725-7E13CB0CFCB3}"
EndProject
Project("{FAE04EC0-301F-11D3-BF4B-00C04F79EFBC}") = "ERP.Modules.Fiscal.UnitTests", "tests\ERP.Modules.Fiscal.UnitTests\ERP.Modules.Fiscal.UnitTests.csproj", "{7976320A-32FA-4628-8751-9075ECDD2AB1}"
EndProject
Project("{FAE04EC0-301F-11D3-BF4B-00C04F79EFBC}") = "ERP.Modules.Identity.UnitTests", "tests\ERP.Modules.Identity.UnitTests\ERP.Modules.Identity.UnitTests.csproj", "{B0A8BC2E-6D5C-4D6A-8D90-9B3C8B1C2E11}"
EndProject
Project("{FAE04EC0-301F-11D3-BF4B-00C04F79EFBC}") = "ERP.Modules.Integracoes.UnitTests", "tests\ERP.Modules.Integracoes.UnitTests\ERP.Modules.Integracoes.UnitTests.csproj", "{D25D6071-0F2D-4A1D-9F23-4A6A31AE3FA2}"
EndProject
Global
	GlobalSection(SolutionConfigurationPlatforms) = preSolution
		Debug|Any CPU = Debug|Any CPU
		Release|Any CPU = Release|Any CPU
	EndGlobalSection
	GlobalSection(SolutionProperties) = preSolution
		HideSolutionNode = FALSE
	EndGlobalSection
	GlobalSection(ProjectConfigurationPlatforms) = postSolution
		{96466484-12B0-4933-BEF3-22237283FFE5}.Debug|Any CPU.ActiveCfg = Debug|Any CPU
		{96466484-12B0-4933-BEF3-22237283FFE5}.Debug|Any CPU.Build.0 = Debug|Any CPU
		{96466484-12B0-4933-BEF3-22237283FFE5}.Release|Any CPU.ActiveCfg = Release|Any CPU
		{96466484-12B0-4933-BEF3-22237283FFE5}.Release|Any CPU.Build.0 = Release|Any CPU
		{218628B7-BF5B-4429-BF3E-36DA3E4C091A}.Debug|Any CPU.ActiveCfg = Debug|Any CPU
		{218628B7-BF5B-4429-BF3E-36DA3E4C091A}.Debug|Any CPU.Build.0 = Debug|Any CPU
		{218628B7-BF5B-4429-BF3E-36DA3E4C091A}.Release|Any CPU.ActiveCfg = Release|Any CPU
		{218628B7-BF5B-4429-BF3E-36DA3E4C091A}.Release|Any CPU.Build.0 = Release|Any CPU
		{A156AF98-F108-4C3C-B48B-EF1C8276C3EB}.Debug|Any CPU.ActiveCfg = Debug|Any CPU
		{A156AF98-F108-4C3C-B48B-EF1C8276C3EB}.Debug|Any CPU.Build.0 = Debug|Any CPU
		{A156AF98-F108-4C3C-B48B-EF1C8276C3EB}.Release|Any CPU.ActiveCfg = Release|Any CPU
		{A156AF98-F108-4C3C-B48B-EF1C8276C3EB}.Release|Any CPU.Build.0 = Release|Any CPU
		{2C172F63-585A-4C0C-9F1B-7B95BE9B5A42}.Debug|Any CPU.ActiveCfg = Debug|Any CPU
		{2C172F63-585A-4C0C-9F1B-7B95BE9B5A42}.Debug|Any CPU.Build.0 = Debug|Any CPU
		{2C172F63-585A-4C0C-9F1B-7B95BE9B5A42}.Release|Any CPU.ActiveCfg = Release|Any CPU
		{2C172F63-585A-4C0C-9F1B-7B95BE9B5A42}.Release|Any CPU.Build.0 = Release|Any CPU
		{74D2E675-E919-4ED3-B361-CC86A5654AEE}.Debug|Any CPU.ActiveCfg = Debug|Any CPU
		{74D2E675-E919-4ED3-B361-CC86A5654AEE}.Debug|Any CPU.Build.0 = Debug|Any CPU
		{74D2E675-E919-4ED3-B361-CC86A5654AEE}.Release|Any CPU.ActiveCfg = Release|Any CPU
		{74D2E675-E919-4ED3-B361-CC86A5654AEE}.Release|Any CPU.Build.0 = Release|Any CPU
		{029173FF-48BA-42F4-ADBA-760419B6FD4F}.Debug|Any CPU.ActiveCfg = Debug|Any CPU
		{029173FF-48BA-42F4-ADBA-760419B6FD4F}.Debug|Any CPU.Build.0 = Debug|Any CPU
		{029173FF-48BA-42F4-ADBA-760419B6FD4F}.Release|Any CPU.ActiveCfg = Release|Any CPU
		{029173FF-48BA-42F4-ADBA-760419B6FD4F}.Release|Any CPU.Build.0 = Release|Any CPU
		{AB05DE80-5DAB-4446-B8D1-E246B5CF0E03}.Debug|Any CPU.ActiveCfg = Debug|Any CPU
		{AB05DE80-5DAB-4446-B8D1-E246B5CF0E03}.Debug|Any CPU.Build.0 = Debug|Any CPU
		{AB05DE80-5DAB-4446-B8D1-E246B5CF0E03}.Release|Any CPU.ActiveCfg = Release|Any CPU
		{AB05DE80-5DAB-4446-B8D1-E246B5CF0E03}.Release|Any CPU.Build.0 = Release|Any CPU
		{F9A54FD0-A5E0-4614-BF87-25D94AFB5360}.Debug|Any CPU.ActiveCfg = Debug|Any CPU
		{F9A54FD0-A5E0-4614-BF87-25D94AFB5360}.Debug|Any CPU.Build.0 = Debug|Any CPU
		{F9A54FD0-A5E0-4614-BF87-25D94AFB5360}.Release|Any CPU.ActiveCfg = Release|Any CPU
		{F9A54FD0-A5E0-4614-BF87-25D94AFB5360}.Release|Any CPU.Build.0 = Release|Any CPU
		{067A6949-126C-4DF9-A86B-504358C6E2AC}.Debug|Any CPU.ActiveCfg = Debug|Any CPU
		{067A6949-126C-4DF9-A86B-504358C6E2AC}.Debug|Any CPU.Build.0 = Debug|Any CPU
		{067A6949-126C-4DF9-A86B-504358C6E2AC}.Release|Any CPU.ActiveCfg = Release|Any CPU
		{067A6949-126C-4DF9-A86B-504358C6E2AC}.Release|Any CPU.Build.0 = Release|Any CPU
		{74A05376-D501-4ED3-A1E5-E160665E2E80}.Debug|Any CPU.ActiveCfg = Debug|Any CPU
		{74A05376-D501-4ED3-A1E5-E160665E2E80}.Debug|Any CPU.Build.0 = Debug|Any CPU
		{74A05376-D501-4ED3-A1E5-E160665E2E80}.Release|Any CPU.ActiveCfg = Release|Any CPU
		{74A05376-D501-4ED3-A1E5-E160665E2E80}.Release|Any CPU.Build.0 = Release|Any CPU
		{0FDF5610-3027-4781-B988-1CEFD204375A}.Debug|Any CPU.ActiveCfg = Debug|Any CPU
		{0FDF5610-3027-4781-B988-1CEFD204375A}.Debug|Any CPU.Build.0 = Debug|Any CPU
		{0FDF5610-3027-4781-B988-1CEFD204375A}.Release|Any CPU.ActiveCfg = Release|Any CPU
		{0FDF5610-3027-4781-B988-1CEFD204375A}.Release|Any CPU.Build.0 = Release|Any CPU
		{E9A21272-0D19-4D75-9B4D-85D3D3246BA1}.Debug|Any CPU.ActiveCfg = Debug|Any CPU
		{E9A21272-0D19-4D75-9B4D-85D3D3246BA1}.Debug|Any CPU.Build.0 = Debug|Any CPU
		{E9A21272-0D19-4D75-9B4D-85D3D3246BA1}.Release|Any CPU.ActiveCfg = Release|Any CPU
		{E9A21272-0D19-4D75-9B4D-85D3D3246BA1}.Release|Any CPU.Build.0 = Release|Any CPU
		{2A1F909A-8EFF-4EC8-B375-ABDB6DF9A472}.Debug|Any CPU.ActiveCfg = Debug|Any CPU
		{2A1F909A-8EFF-4EC8-B375-ABDB6DF9A472}.Debug|Any CPU.Build.0 = Debug|Any CPU
		{2A1F909A-8EFF-4EC8-B375-ABDB6DF9A472}.Release|Any CPU.ActiveCfg = Release|Any CPU
		{2A1F909A-8EFF-4EC8-B375-ABDB6DF9A472}.Release|Any CPU.Build.0 = Release|Any CPU
		{E7D015A9-BC18-43D9-8633-4F57E71E03EB}.Debug|Any CPU.ActiveCfg = Debug|Any CPU
		{E7D015A9-BC18-43D9-8633-4F57E71E03EB}.Debug|Any CPU.Build.0 = Debug|Any CPU
		{E7D015A9-BC18-43D9-8633-4F57E71E03EB}.Release|Any CPU.ActiveCfg = Release|Any CPU
		{E7D015A9-BC18-43D9-8633-4F57E71E03EB}.Release|Any CPU.Build.0 = Release|Any CPU
		{65E8D18E-C4D4-478D-9725-7E13CB0CFCB3}.Debug|Any CPU.ActiveCfg = Debug|Any CPU
		{65E8D18E-C4D4-478D-9725-7E13CB0CFCB3}.Debug|Any CPU.Build.0 = Debug|Any CPU
		{65E8D18E-C4D4-478D-9725-7E13CB0CFCB3}.Release|Any CPU.ActiveCfg = Release|Any CPU
		{65E8D18E-C4D4-478D-9725-7E13CB0CFCB3}.Release|Any CPU.Build.0 = Release|Any CPU
		{7976320A-32FA-4628-8751-9075ECDD2AB1}.Debug|Any CPU.ActiveCfg = Debug|Any CPU
		{7976320A-32FA-4628-8751-9075ECDD2AB1}.Debug|Any CPU.Build.0 = Debug|Any CPU
		{7976320A-32FA-4628-8751-9075ECDD2AB1}.Release|Any CPU.ActiveCfg = Release|Any CPU
		{7976320A-32FA-4628-8751-9075ECDD2AB1}.Release|Any CPU.Build.0 = Release|Any CPU
		{B0A8BC2E-6D5C-4D6A-8D90-9B3C8B1C2E11}.Debug|Any CPU.ActiveCfg = Debug|Any CPU
		{B0A8BC2E-6D5C-4D6A-8D90-9B3C8B1C2E11}.Debug|Any CPU.Build.0 = Debug|Any CPU
		{B0A8BC2E-6D5C-4D6A-8D90-9B3C8B1C2E11}.Release|Any CPU.ActiveCfg = Release|Any CPU
		{B0A8BC2E-6D5C-4D6A-8D90-9B3C8B1C2E11}.Release|Any CPU.Build.0 = Release|Any CPU
		{D25D6071-0F2D-4A1D-9F23-4A6A31AE3FA2}.Debug|Any CPU.ActiveCfg = Debug|Any CPU
		{D25D6071-0F2D-4A1D-9F23-4A6A31AE3FA2}.Debug|Any CPU.Build.0 = Debug|Any CPU
		{D25D6071-0F2D-4A1D-9F23-4A6A31AE3FA2}.Release|Any CPU.ActiveCfg = Release|Any CPU
		{D25D6071-0F2D-4A1D-9F23-4A6A31AE3FA2}.Release|Any CPU.Build.0 = Release|Any CPU
	EndGlobalSection
	GlobalSection(NestedProjects) = preSolution
		{96466484-12B0-4933-BEF3-22237283FFE5} = {5DD4506B-6A86-4841-88DE-3118640CC15F}
		{218628B7-BF5B-4429-BF3E-36DA3E4C091A} = {5DD4506B-6A86-4841-88DE-3118640CC15F}
		{A156AF98-F108-4C3C-B48B-EF1C8276C3EB} = {5DD4506B-6A86-4841-88DE-3118640CC15F}
		{2C172F63-585A-4C0C-9F1B-7B95BE9B5A42} = {5DD4506B-6A86-4841-88DE-3118640CC15F}
		{74D2E675-E919-4ED3-B361-CC86A5654AEE} = {5DD4506B-6A86-4841-88DE-3118640CC15F}
		{029173FF-48BA-42F4-ADBA-760419B6FD4F} = {5DD4506B-6A86-4841-88DE-3118640CC15F}
		{AB05DE80-5DAB-4446-B8D1-E246B5CF0E03} = {5DD4506B-6A86-4841-88DE-3118640CC15F}
		{F9A54FD0-A5E0-4614-BF87-25D94AFB5360} = {5DD4506B-6A86-4841-88DE-3118640CC15F}
		{067A6949-126C-4DF9-A86B-504358C6E2AC} = {5DD4506B-6A86-4841-88DE-3118640CC15F}
		{74A05376-D501-4ED3-A1E5-E160665E2E80} = {5DD4506B-6A86-4841-88DE-3118640CC15F}
		{0FDF5610-3027-4781-B988-1CEFD204375A} = {CAF0D74B-E667-4D3A-88AE-97A7DE8C741F}
		{E9A21272-0D19-4D75-9B4D-85D3D3246BA1} = {CAF0D74B-E667-4D3A-88AE-97A7DE8C741F}
		{2A1F909A-8EFF-4EC8-B375-ABDB6DF9A472} = {CAF0D74B-E667-4D3A-88AE-97A7DE8C741F}
		{E7D015A9-BC18-43D9-8633-4F57E71E03EB} = {CAF0D74B-E667-4D3A-88AE-97A7DE8C741F}
		{65E8D18E-C4D4-478D-9725-7E13CB0CFCB3} = {CAF0D74B-E667-4D3A-88AE-97A7DE8C741F}
		{7976320A-32FA-4628-8751-9075ECDD2AB1} = {CAF0D74B-E667-4D3A-88AE-97A7DE8C741F}
		{B0A8BC2E-6D5C-4D6A-8D90-9B3C8B1C2E11} = {CAF0D74B-E667-4D3A-88AE-97A7DE8C741F}
		{D25D6071-0F2D-4A1D-9F23-4A6A31AE3FA2} = {CAF0D74B-E667-4D3A-88AE-97A7DE8C741F}
	EndGlobalSection
EndGlobal
